
Microsoft Visual Studio Solution File, Format Version 12.00
# Visual Studio Version 17
VisualStudioVersion = 17.11.35312.102
MinimumVisualStudioVersion = 10.0.40219.1
Project("{2150E333-8FDC-42A3-9474-1A3956D46DE8}") = "LibraryManagmentSystem", "LibraryManagmentSystem", "{174B084B-0D4B-4EC7-995C-C8FBD8E359DE}"
EndProject
Project("{FAE04EC0-301F-11D3-BF4B-00C04F79EFBC}") = "LibraryManagmentSystem.Domain", "LibraryManagmentSystem.Domain\LibraryManagmentSystem.Domain.csproj", "{35E81FB1-7C87-43B8-9075-2DDEA0CCD9F6}"
EndProject
Project("{FAE04EC0-301F-11D3-BF4B-00C04F79EFBC}") = "LibraryManagmentSystem.Application", "LibraryManagmentSystem.Application\LibraryManagmentSystem.Application.csproj", "{3F4D587B-D296-4CCC-AB2D-9F940B32B395}"
EndProject
Project("{FAE04EC0-301F-11D3-BF4B-00C04F79EFBC}") = "LibraryManagmentSystem.Infrastructure", "LibraryManagmentSystem.Infrastructure\LibraryManagmentSystem.Infrastructure.csproj", "{CCF96B87-32D3-437E-8B0B-3AC78948D488}"
EndProject
Project("{FAE04EC0-301F-11D3-BF4B-00C04F79EFBC}") = "LibraryManagmentSystem.API", "LibraryManagmentSystem.API\LibraryManagmentSystem.API.csproj", "{5F27CBD2-6AFB-49A2-8119-3F2FA4B394D1}"
EndProject
Project("{FAE04EC0-301F-11D3-BF4B-00C04F79EFBC}") = "LibraryManagmentSystem.Shared", "LibraryManagmentSystem.Shared\LibraryManagmentSystem.Shared.csproj", "{248E2DC6-D10C-420A-AF7B-B7FACC903F01}"
EndProject
Global
	GlobalSection(SolutionConfigurationPlatforms) = preSolution
		Debug|Any CPU = Debug|Any CPU
		Release|Any CPU = Release|Any CPU
	EndGlobalSection
	GlobalSection(ProjectConfigurationPlatforms) = postSolution
		{35E81FB1-7C87-43B8-9075-2DDEA0CCD9F6}.Debug|Any CPU.ActiveCfg = Debug|Any CPU
		{35E81FB1-7C87-43B8-9075-2DDEA0CCD9F6}.Debug|Any CPU.Build.0 = Debug|Any CPU
		{35E81FB1-7C87-43B8-9075-2DDEA0CCD9F6}.Release|Any CPU.ActiveCfg = Release|Any CPU
		{35E81FB1-7C87-43B8-9075-2DDEA0CCD9F6}.Release|Any CPU.Build.0 = Release|Any CPU
		{3F4D587B-D296-4CCC-AB2D-9F940B32B395}.Debug|Any CPU.ActiveCfg = Debug|Any CPU
		{3F4D587B-D296-4CCC-AB2D-9F940B32B395}.Debug|Any CPU.Build.0 = Debug|Any CPU
		{3F4D587B-D296-4CCC-AB2D-9F940B32B395}.Release|Any CPU.ActiveCfg = Release|Any CPU
		{3F4D587B-D296-4CCC-AB2D-9F940B32B395}.Release|Any CPU.Build.0 = Release|Any CPU
		{CCF96B87-32D3-437E-8B0B-3AC78948D488}.Debug|Any CPU.ActiveCfg = Debug|Any CPU
		{CCF96B87-32D3-437E-8B0B-3AC78948D488}.Debug|Any CPU.Build.0 = Debug|Any CPU
		{CCF96B87-32D3-437E-8B0B-3AC78948D488}.Release|Any CPU.ActiveCfg = Release|Any CPU
		{CCF96B87-32D3-437E-8B0B-3AC78948D488}.Release|Any CPU.Build.0 = Release|Any CPU
		{5F27CBD2-6AFB-49A2-8119-3F2FA4B394D1}.Debug|Any CPU.ActiveCfg = Debug|Any CPU
		{5F27CBD2-6AFB-49A2-8119-3F2FA4B394D1}.Debug|Any CPU.Build.0 = Debug|Any CPU
		{5F27CBD2-6AFB-49A2-8119-3F2FA4B394D1}.Release|Any CPU.ActiveCfg = Release|Any CPU
		{5F27CBD2-6AFB-49A2-8119-3F2FA4B394D1}.Release|Any CPU.Build.0 = Release|Any CPU
		{248E2DC6-D10C-420A-AF7B-B7FACC903F01}.Debug|Any CPU.ActiveCfg = Debug|Any CPU
		{248E2DC6-D10C-420A-AF7B-B7FACC903F01}.Debug|Any CPU.Build.0 = Debug|Any CPU
		{248E2DC6-D10C-420A-AF7B-B7FACC903F01}.Release|Any CPU.ActiveCfg = Release|Any CPU
		{248E2DC6-D10C-420A-AF7B-B7FACC903F01}.Release|Any CPU.Build.0 = Release|Any CPU
	EndGlobalSection
	GlobalSection(SolutionProperties) = preSolution
		HideSolutionNode = FALSE
	EndGlobalSection
	GlobalSection(NestedProjects) = preSolution
		{35E81FB1-7C87-43B8-9075-2DDEA0CCD9F6} = {174B084B-0D4B-4EC7-995C-C8FBD8E359DE}
		{3F4D587B-D296-4CCC-AB2D-9F940B32B395} = {174B084B-0D4B-4EC7-995C-C8FBD8E359DE}
		{CCF96B87-32D3-437E-8B0B-3AC78948D488} = {174B084B-0D4B-4EC7-995C-C8FBD8E359DE}
		{5F27CBD2-6AFB-49A2-8119-3F2FA4B394D1} = {174B084B-0D4B-4EC7-995C-C8FBD8E359DE}
		{248E2DC6-D10C-420A-AF7B-B7FACC903F01} = {174B084B-0D4B-4EC7-995C-C8FBD8E359DE}
	EndGlobalSection
	GlobalSection(ExtensibilityGlobals) = postSolution
		SolutionGuid = {1ABDA10F-439D-4BA8-B7DC-E769D98C9D8F}
	EndGlobalSection
EndGlobal
